Microsoft Visual Studio Solution File, Format Version 12.00
# Visual Studio Version 17
VisualStudioVersion = 17.5.2.0
MinimumVisualStudioVersion = 10.0.40219.1
Project("{FAE04EC0-301F-11D3-BF4B-00C04F79EFBC}") = "ReleaseProcessor", "ReleaseProcessor.csproj", "{AB003A2A-0F1A-6DDA-E6EE-1DF76772742E}"
EndProject
Global
	GlobalSection(SolutionConfigurationPlatforms) = preSolution
		Debug|Any CPU = Debug|Any CPU
		Release|Any CPU = Release|Any CPU
	EndGlobalSection
	GlobalSection(ProjectConfigurationPlatforms) = postSolution
		{AB003A2A-0F1A-6DDA-E6EE-1DF76772742E}.Debug|Any CPU.ActiveCfg = Debug|Any CPU
		{AB003A2A-0F1A-6DDA-E6EE-1DF76772742E}.Debug|Any CPU.Build.0 = Debug|Any CPU
		{AB003A2A-0F1A-6DDA-E6EE-1DF76772742E}.Release|Any CPU.ActiveCfg = Release|Any CPU
		{AB003A2A-0F1A-6DDA-E6EE-1DF76772742E}.Release|Any CPU.Build.0 = Release|Any CPU
	EndGlobalSection
	GlobalSection(SolutionProperties) = preSolution
		HideSolutionNode = FALSE
	EndGlobalSection
	GlobalSection(ExtensibilityGlobals) = postSolution
		SolutionGuid = {C2A92FFB-1479-4EB0-84B6-597774E881DC}
	EndGlobalSection
EndGlobal
